
Microsoft Visual Studio Solution File, Format Version 12.00
# Visual Studio Version 16
VisualStudioVersion = 16.0.30503.244
MinimumVisualStudioVersion = 10.0.40219.1
Project("{FAE04EC0-301F-11D3-BF4B-00C04F79EFBC}") = "Platformerengine", "Platformerengine\Platformerengine.csproj", "{6843B55F-2BD0-450C-868B-46FD2BC4971C}"
EndProject
Global
	GlobalSection(SolutionConfigurationPlatforms) = preSolution
		Debug|Any CPU = Debug|Any CPU
		Release|Any CPU = Release|Any CPU
	EndGlobalSection
	GlobalSection(ProjectConfigurationPlatforms) = postSolution
		{6843B55F-2BD0-450C-868B-46FD2BC4971C}.Debug|Any CPU.ActiveCfg = Debug|Any CPU
		{6843B55F-2BD0-450C-868B-46FD2BC4971C}.Debug|Any CPU.Build.0 = Debug|Any CPU
		{6843B55F-2BD0-450C-868B-46FD2BC4971C}.Release|Any CPU.ActiveCfg = Release|Any CPU
		{6843B55F-2BD0-450C-868B-46FD2BC4971C}.Release|Any CPU.Build.0 = Release|Any CPU
	EndGlobalSection
	GlobalSection(SolutionProperties) = preSolution
		HideSolutionNode = FALSE
	EndGlobalSection
	GlobalSection(ExtensibilityGlobals) = postSolution
		SolutionGuid = {8F388C92-FC35-44D9-9EFA-ABF0A1509823}
	EndGlobalSection
EndGlobal
